
Microsoft Visual Studio Solution File, Format Version 12.00
# Visual Studio Version 17
VisualStudioVersion = 17.9.34622.214
MinimumVisualStudioVersion = 10.0.40219.1
Project("{FAE04EC0-301F-11D3-BF4B-00C04F79EFBC}") = "ChainOfResProject", "ChainOfResProject\ChainOfResProject.csproj", "{419EF443-425B-4B80-A8F8-2B0CF392C20C}"
EndProject
Global
	GlobalSection(SolutionConfigurationPlatforms) = preSolution
		Debug|Any CPU = Debug|Any CPU
		Release|Any CPU = Release|Any CPU
	EndGlobalSection
	GlobalSection(ProjectConfigurationPlatforms) = postSolution
		{419EF443-425B-4B80-A8F8-2B0CF392C20C}.Debug|Any CPU.ActiveCfg = Debug|Any CPU
		{419EF443-425B-4B80-A8F8-2B0CF392C20C}.Debug|Any CPU.Build.0 = Debug|Any CPU
		{419EF443-425B-4B80-A8F8-2B0CF392C20C}.Release|Any CPU.ActiveCfg = Release|Any CPU
		{419EF443-425B-4B80-A8F8-2B0CF392C20C}.Release|Any CPU.Build.0 = Release|Any CPU
	EndGlobalSection
	GlobalSection(SolutionProperties) = preSolution
		HideSolutionNode = FALSE
	EndGlobalSection
	GlobalSection(ExtensibilityGlobals) = postSolution
		SolutionGuid = {1C628D0E-4410-4835-A5A4-063509D0074E}
	EndGlobalSection
EndGlobal
